
Microsoft Visual Studio Solution File, Format Version 12.00
# Visual Studio Version 16
VisualStudioVersion = 16.0.30907.101
MinimumVisualStudioVersion = 15.0.26124.0
Project("{9A19103F-16F7-4668-BE54-9A1E7A4F7556}") = "test", "test\test.csproj", "{F6C04041-5E19-471B-B49D-E07D2838B5CB}"
EndProject
Project("{9A19103F-16F7-4668-BE54-9A1E7A4F7556}") = "src", "src\src.csproj", "{E0570992-E702-43B8-9ECE-ED171C9191D0}"
EndProject
Project("{FAE04EC0-301F-11D3-BF4B-00C04F79EFBC}") = "neobemgui", "neobemgui\neobemgui.csproj", "{069EC7A0-6E4E-4F1C-A825-8272AD8CAE81}"
EndProject
Global
	GlobalSection(SolutionConfigurationPlatforms) = preSolution
		Debug|Any CPU = Debug|Any CPU
		Debug|ARM = Debug|ARM
		Debug|ARM64 = Debug|ARM64
		Debug|x64 = Debug|x64
		Debug|x86 = Debug|x86
		Release|Any CPU = Release|Any CPU
		Release|ARM = Release|ARM
		Release|ARM64 = Release|ARM64
		Release|x64 = Release|x64
		Release|x86 = Release|x86
	EndGlobalSection
	GlobalSection(ProjectConfigurationPlatforms) = postSolution
		{F6C04041-5E19-471B-B49D-E07D2838B5CB}.Debug|Any CPU.ActiveCfg = Debug|Any CPU
		{F6C04041-5E19-471B-B49D-E07D2838B5CB}.Debug|Any CPU.Build.0 = Debug|Any CPU
		{F6C04041-5E19-471B-B49D-E07D2838B5CB}.Debug|ARM.ActiveCfg = Debug|Any CPU
		{F6C04041-5E19-471B-B49D-E07D2838B5CB}.Debug|ARM.Build.0 = Debug|Any CPU
		{F6C04041-5E19-471B-B49D-E07D2838B5CB}.Debug|ARM64.ActiveCfg = Debug|Any CPU
		{F6C04041-5E19-471B-B49D-E07D2838B5CB}.Debug|ARM64.Build.0 = Debug|Any CPU
		{F6C04041-5E19-471B-B49D-E07D2838B5CB}.Debug|x64.ActiveCfg = Debug|Any CPU
		{F6C04041-5E19-471B-B49D-E07D2838B5CB}.Debug|x64.Build.0 = Debug|Any CPU
		{F6C04041-5E19-471B-B49D-E07D2838B5CB}.Debug|x86.ActiveCfg = Debug|Any CPU
		{F6C04041-5E19-471B-B49D-E07D2838B5CB}.Debug|x86.Build.0 = Debug|Any CPU
		{F6C04041-5E19-471B-B49D-E07D2838B5CB}.Release|Any CPU.ActiveCfg = Release|Any CPU
		{F6C04041-5E19-471B-B49D-E07D2838B5CB}.Release|Any CPU.Build.0 = Release|Any CPU
		{F6C04041-5E19-471B-B49D-E07D2838B5CB}.Release|ARM.ActiveCfg = Release|Any CPU
		{F6C04041-5E19-471B-B49D-E07D2838B5CB}.Release|ARM.Build.0 = Release|Any CPU
		{F6C04041-5E19-471B-B49D-E07D2838B5CB}.Release|ARM64.ActiveCfg = Release|Any CPU
		{F6C04041-5E19-471B-B49D-E07D2838B5CB}.Release|ARM64.Build.0 = Release|Any CPU
		{F6C04041-5E19-471B-B49D-E07D2838B5CB}.Release|x64.ActiveCfg = Release|Any CPU
		{F6C04041-5E19-471B-B49D-E07D2838B5CB}.Release|x64.Build.0 = Release|Any CPU
		{F6C04041-5E19-471B-B49D-E07D2838B5CB}.Release|x86.ActiveCfg = Release|Any CPU
		{F6C04041-5E19-471B-B49D-E07D2838B5CB}.Release|x86.Build.0 = Release|Any CPU
		{E0570992-E702-43B8-9ECE-ED171C9191D0}.Debug|Any CPU.ActiveCfg = Debug|Any CPU
		{E0570992-E702-43B8-9ECE-ED171C9191D0}.Debug|Any CPU.Build.0 = Debug|Any CPU
		{E0570992-E702-43B8-9ECE-ED171C9191D0}.Debug|ARM.ActiveCfg = Debug|Any CPU
		{E0570992-E702-43B8-9ECE-ED171C9191D0}.Debug|ARM.Build.0 = Debug|Any CPU
		{E0570992-E702-43B8-9ECE-ED171C9191D0}.Debug|ARM64.ActiveCfg = Debug|Any CPU
		{E0570992-E702-43B8-9ECE-ED171C9191D0}.Debug|ARM64.Build.0 = Debug|Any CPU
		{E0570992-E702-43B8-9ECE-ED171C9191D0}.Debug|x64.ActiveCfg = Debug|Any CPU
		{E0570992-E702-43B8-9ECE-ED171C9191D0}.Debug|x64.Build.0 = Debug|Any CPU
		{E0570992-E702-43B8-9ECE-ED171C9191D0}.Debug|x86.ActiveCfg = Debug|Any CPU
		{E0570992-E702-43B8-9ECE-ED171C9191D0}.Debug|x86.Build.0 = Debug|Any CPU
		{E0570992-E702-43B8-9ECE-ED171C9191D0}.Release|Any CPU.ActiveCfg = Release|Any CPU
		{E0570992-E702-43B8-9ECE-ED171C9191D0}.Release|Any CPU.Build.0 = Release|Any CPU
		{E0570992-E702-43B8-9ECE-ED171C9191D0}.Release|ARM.ActiveCfg = Release|Any CPU
		{E0570992-E702-43B8-9ECE-ED171C9191D0}.Release|ARM.Build.0 = Release|Any CPU
		{E0570992-E702-43B8-9ECE-ED171C9191D0}.Release|ARM64.ActiveCfg = Release|Any CPU
		{E0570992-E702-43B8-9ECE-ED171C9191D0}.Release|ARM64.Build.0 = Release|Any CPU
		{E0570992-E702-43B8-9ECE-ED171C9191D0}.Release|x64.ActiveCfg = Release|Any CPU
		{E0570992-E702-43B8-9ECE-ED171C9191D0}.Release|x64.Build.0 = Release|Any CPU
		{E0570992-E702-43B8-9ECE-ED171C9191D0}.Release|x86.ActiveCfg = Release|Any CPU
		{E0570992-E702-43B8-9ECE-ED171C9191D0}.Release|x86.Build.0 = Release|Any CPU
		{069EC7A0-6E4E-4F1C-A825-8272AD8CAE81}.Debug|Any CPU.ActiveCfg = Debug|Any CPU
		{069EC7A0-6E4E-4F1C-A825-8272AD8CAE81}.Debug|Any CPU.Build.0 = Debug|Any CPU
		{069EC7A0-6E4E-4F1C-A825-8272AD8CAE81}.Debug|ARM.ActiveCfg = Debug|Any CPU
		{069EC7A0-6E4E-4F1C-A825-8272AD8CAE81}.Debug|ARM.Build.0 = Debug|Any CPU
		{069EC7A0-6E4E-4F1C-A825-8272AD8CAE81}.Debug|ARM64.ActiveCfg = Debug|Any CPU
		{069EC7A0-6E4E-4F1C-A825-8272AD8CAE81}.Debug|ARM64.Build.0 = Debug|Any CPU
		{069EC7A0-6E4E-4F1C-A825-8272AD8CAE81}.Debug|x64.ActiveCfg = Debug|Any CPU
		{069EC7A0-6E4E-4F1C-A825-8272AD8CAE81}.Debug|x64.Build.0 = Debug|Any CPU
		{069EC7A0-6E4E-4F1C-A825-8272AD8CAE81}.Debug|x86.ActiveCfg = Debug|Any CPU
		{069EC7A0-6E4E-4F1C-A825-8272AD8CAE81}.Debug|x86.Build.0 = Debug|Any CPU
		{069EC7A0-6E4E-4F1C-A825-8272AD8CAE81}.Release|Any CPU.ActiveCfg = Release|Any CPU
		{069EC7A0-6E4E-4F1C-A825-8272AD8CAE81}.Release|Any CPU.Build.0 = Release|Any CPU
		{069EC7A0-6E4E-4F1C-A825-8272AD8CAE81}.Release|ARM.ActiveCfg = Release|Any CPU
		{069EC7A0-6E4E-4F1C-A825-8272AD8CAE81}.Release|ARM.Build.0 = Release|Any CPU
		{069EC7A0-6E4E-4F1C-A825-8272AD8CAE81}.Release|ARM64.ActiveCfg = Release|Any CPU
		{069EC7A0-6E4E-4F1C-A825-8272AD8CAE81}.Release|ARM64.Build.0 = Release|Any CPU
		{069EC7A0-6E4E-4F1C-A825-8272AD8CAE81}.Release|x64.ActiveCfg = Release|Any CPU
		{069EC7A0-6E4E-4F1C-A825-8272AD8CAE81}.Release|x64.Build.0 = Release|Any CPU
		{069EC7A0-6E4E-4F1C-A825-8272AD8CAE81}.Release|x86.ActiveCfg = Release|Any CPU
		{069EC7A0-6E4E-4F1C-A825-8272AD8CAE81}.Release|x86.Build.0 = Release|Any CPU
	EndGlobalSection
	GlobalSection(SolutionProperties) = preSolution
		HideSolutionNode = FALSE
	EndGlobalSection
	GlobalSection(ExtensibilityGlobals) = postSolution
		SolutionGuid = {7F3BBD04-45BC-469D-A485-3A44E551BB39}
	EndGlobalSection
EndGlobal
